
Microsoft Visual Studio Solution File, Format Version 12.00
# Visual Studio Version 16
VisualStudioVersion = 16.0.31624.102
MinimumVisualStudioVersion = 10.0.40219.1
Project("{FAE04EC0-301F-11D3-BF4B-00C04F79EFBC}") = "SF.TB.EnglishTrainer_11_4", "SF.TB.EnglishTrainer_11_4\SF.TB.EnglishTrainer_11_4.csproj", "{8D89FD13-2791-43D1-A1DB-A64C732C641B}"
EndProject
Global
	GlobalSection(SolutionConfigurationPlatforms) = preSolution
		Debug|Any CPU = Debug|Any CPU
		Release|Any CPU = Release|Any CPU
	EndGlobalSection
	GlobalSection(ProjectConfigurationPlatforms) = postSolution
		{8D89FD13-2791-43D1-A1DB-A64C732C641B}.Debug|Any CPU.ActiveCfg = Debug|Any CPU
		{8D89FD13-2791-43D1-A1DB-A64C732C641B}.Debug|Any CPU.Build.0 = Debug|Any CPU
		{8D89FD13-2791-43D1-A1DB-A64C732C641B}.Release|Any CPU.ActiveCfg = Release|Any CPU
		{8D89FD13-2791-43D1-A1DB-A64C732C641B}.Release|Any CPU.Build.0 = Release|Any CPU
	EndGlobalSection
	GlobalSection(SolutionProperties) = preSolution
		HideSolutionNode = FALSE
	EndGlobalSection
	GlobalSection(ExtensibilityGlobals) = postSolution
		SolutionGuid = {44C55A23-253C-4028-9A6E-A79648F758CB}
	EndGlobalSection
EndGlobal
